Microsoft Visual Studio Solution File, Format Version 12.00
# Visual Studio Version 17
VisualStudioVersion = 17.5.2.0
MinimumVisualStudioVersion = 10.0.40219.1
Project("{FAE04EC0-301F-11D3-BF4B-00C04F79EFBC}") = "PointGame", "PointGame.csproj", "{EA4E07CA-7E03-EF05-561C-8CE01B6EC3E9}"
EndProject
Global
	GlobalSection(SolutionConfigurationPlatforms) = preSolution
		Debug|Any CPU = Debug|Any CPU
		Release|Any CPU = Release|Any CPU
	EndGlobalSection
	GlobalSection(ProjectConfigurationPlatforms) = postSolution
		{EA4E07CA-7E03-EF05-561C-8CE01B6EC3E9}.Debug|Any CPU.ActiveCfg = Debug|Any CPU
		{EA4E07CA-7E03-EF05-561C-8CE01B6EC3E9}.Debug|Any CPU.Build.0 = Debug|Any CPU
		{EA4E07CA-7E03-EF05-561C-8CE01B6EC3E9}.Release|Any CPU.ActiveCfg = Release|Any CPU
		{EA4E07CA-7E03-EF05-561C-8CE01B6EC3E9}.Release|Any CPU.Build.0 = Release|Any CPU
	EndGlobalSection
	GlobalSection(SolutionProperties) = preSolution
		HideSolutionNode = FALSE
	EndGlobalSection
	GlobalSection(ExtensibilityGlobals) = postSolution
		SolutionGuid = {23A93E32-BC6F-4AEC-81B9-BB259F3EADDF}
	EndGlobalSection
EndGlobal
